{
  "nodes": {
    "cmp-buffer": {
      "flake": false,
      "locked": {
        "lastModified": 1660101488,
        "narHash": "sha256-dG4U7MtnXThoa/PD+qFtCt76MQ14V1wX8GMYcvxEnbM=",
        "owner": "hrsh7th",
        "repo": "cmp-buffer",
        "rev": "3022dbc9166796b644a841a02de8dd1cc1d311fa",
        "type": "github"
      },
      "original": {
        "owner": "hrsh7th",
        "repo": "cmp-buffer",
        "type": "github"
      }
    },
    "cmp-cmdline": {
      "flake": false,
      "locked": {
        "lastModified": 1686243464,
        "narHash": "sha256-W8v/XhPjbvKSwCrfOAPihO2N9PEVnH5Cp/Fa25lNRw4=",
        "owner": "hrsh7th",
        "repo": "cmp-cmdline",
        "rev": "8ee981b4a91f536f52add291594e89fb6645e451",
        "type": "github"
      },
      "original": {
        "owner": "hrsh7th",
        "repo": "cmp-cmdline",
        "type": "github"
      }
    },
    "cmp-nvim-lsp": {
      "flake": false,
      "locked": {
        "lastModified": 1675708067,
        "narHash": "sha256-DxpcPTBlvVP88PDoTheLV2fC76EXDqS2UpM5mAfj/D4=",
        "owner": "hrsh7th",
        "repo": "cmp-nvim-lsp",
        "rev": "0e6b2ed705ddcff9738ec4ea838141654f12eeef",
        "type": "github"
      },
      "original": {
        "owner": "hrsh7th",
        "repo": "cmp-nvim-lsp",
        "type": "github"
      }
    },
    "cmp-path": {
      "flake": false,
      "locked": {
        "lastModified": 1664784283,
        "narHash": "sha256-thppiiV3wjIaZnAXmsh7j3DUc6ceSCvGzviwFUnoPaI=",
        "owner": "hrsh7th",
        "repo": "cmp-path",
        "rev": "91ff86cd9c29299a64f968ebb45846c485725f23",
        "type": "github"
      },
      "original": {
        "owner": "hrsh7th",
        "repo": "cmp-path",
        "type": "github"
      }
    },
    "cmp-snippy": {
      "flake": false,
      "locked": {
        "lastModified": 1686803276,
        "narHash": "sha256-XfltZ4MSDk7nCa6nl7dd23Gypc/F8eFfFLUxgCPUI5w=",
        "owner": "dcampos",
        "repo": "cmp-snippy",
        "rev": "c4dc31232c510cd32d4708701e6f06746d46df90",
        "type": "github"
      },
      "original": {
        "owner": "dcampos",
        "repo": "cmp-snippy",
        "type": "github"
      }
    },
    "codegpt": {
      "flake": false,
      "locked": {
        "lastModified": 1682976709,
        "narHash": "sha256-JpZJz4ZmbL+tfYUSOQ9K7YUld7zTzAI11fw9sRaJzPA=",
        "owner": "dpayne",
        "repo": "codegpt.nvim",
        "rev": "6e3714e8d336aea4a205081d44ed8b2e3505dee2",
        "type": "github"
      },
      "original": {
        "owner": "dpayne",
        "repo": "codegpt.nvim",
        "type": "github"
      }
    },
    "comment": {
      "flake": false,
      "locked": {
        "lastModified": 1686546603,
        "narHash": "sha256-XM9yhp+SGxfAOdN/eDunzM0TMoCJhVth3wpFKNCGf3g=",
        "owner": "numtostr",
        "repo": "comment.nvim",
        "rev": "176e85eeb63f1a5970d6b88f1725039d85ca0055",
        "type": "github"
      },
      "original": {
        "owner": "numtostr",
        "repo": "comment.nvim",
        "type": "github"
      }
    },
    "diffview": {
      "flake": false,
      "locked": {
        "lastModified": 1686772980,
        "narHash": "sha256-dBzoeaDaxo2WgD9t+OaYLyEa/LM1HmmbUWpGpLu50y8=",
        "owner": "sindrets",
        "repo": "diffview.nvim",
        "rev": "b3a763f8c7810b352226c95faa7d3ac9fb93b8d9",
        "type": "github"
      },
      "original": {
        "owner": "sindrets",
        "repo": "diffview.nvim",
        "type": "github"
      }
    },
    "flake-utils": {
      "inputs": {
        "systems": "systems"
      },
      "locked": {
        "lastModified": 1687171271,
        "narHash": "sha256-BJlq+ozK2B1sJDQXS3tzJM5a+oVZmi1q0FlBK/Xqv7M=",
        "owner": "numtide",
        "repo": "flake-utils",
        "rev": "abfb11bd1aec8ced1c9bb9adfe68018230f4fb3c",
        "type": "github"
      },
      "original": {
        "owner": "numtide",
        "repo": "flake-utils",
        "type": "github"
      }
    },
    "flake-utils_2": {
      "inputs": {
        "systems": "systems_2"
      },
      "locked": {
        "lastModified": 1687171271,
        "narHash": "sha256-BJlq+ozK2B1sJDQXS3tzJM5a+oVZmi1q0FlBK/Xqv7M=",
        "owner": "numtide",
        "repo": "flake-utils",
        "rev": "abfb11bd1aec8ced1c9bb9adfe68018230f4fb3c",
        "type": "github"
      },
      "original": {
        "owner": "numtide",
        "repo": "flake-utils",
        "type": "github"
      }
    },
    "gitsigns": {
      "flake": false,
      "locked": {
        "lastModified": 1687182217,
        "narHash": "sha256-+qZa3d82v7z+M7iTRbD9CX0cpVWlgCQEwsZ8hSpKt70=",
        "owner": "lewis6991",
        "repo": "gitsigns.nvim",
        "rev": "3ef12dfdc293969fac736a7a580d6ae1f57ea406",
        "type": "github"
      },
      "original": {
        "owner": "lewis6991",
        "repo": "gitsigns.nvim",
        "type": "github"
      }
    },
    "home-manager": {
      "inputs": {
        "nixpkgs": [
          "nixpkgs"
        ]
      },
      "locked": {
        "lastModified": 1687647343,
        "narHash": "sha256-1/o/i9KEFOBdlF9Cs04kBcqDFbYMt6W4SMqGa+QnnaI=",
        "owner": "nix-community",
        "repo": "home-manager",
        "rev": "0ee5ab611dc1fbb5180bd7d88d2aeb7841a4d179",
        "type": "github"
      },
      "original": {
        "owner": "nix-community",
        "ref": "master",
        "repo": "home-manager",
        "type": "github"
      }
    },
    "home-manager_2": {
      "inputs": {
        "nixpkgs": [
          "neovim",
          "nixpkgs"
        ]
      },
      "locked": {
        "lastModified": 1687204608,
        "narHash": "sha256-rZ0e0iAIQM7vlsMd2/pcGfymZzNBRawObFgqIpxE94c=",
        "owner": "nix-community",
        "repo": "home-manager",
        "rev": "f06a43dca05fb7f1aa44742bf861d9c827b45122",
        "type": "github"
      },
      "original": {
        "owner": "nix-community",
        "ref": "master",
        "repo": "home-manager",
        "type": "github"
      }
    },
    "indent-blankline": {
      "flake": false,
      "locked": {
        "lastModified": 1685412336,
        "narHash": "sha256-2AgkwADQetmFAc+cYU2USmTXMngXHo7021KrTVTIkkE=",
        "owner": "lukas-reineke",
        "repo": "indent-blankline.nvim",
        "rev": "7075d7861f7a6bbf0de0298c83f8a13195e6ec01",
        "type": "github"
      },
      "original": {
        "owner": "lukas-reineke",
        "repo": "indent-blankline.nvim",
        "type": "github"
      }
    },
    "lualine": {
      "flake": false,
      "locked": {
        "lastModified": 1683213422,
        "narHash": "sha256-ltHE8UIquGo07BSlFGM1l3wmTNN43i8kx6QY7Fj2CNo=",
        "owner": "nvim-lualine",
        "repo": "lualine.nvim",
        "rev": "05d78e9fd0cdfb4545974a5aa14b1be95a86e9c9",
        "type": "github"
      },
      "original": {
        "owner": "nvim-lualine",
        "repo": "lualine.nvim",
        "type": "github"
      }
    },
    "moonlight": {
      "flake": false,
      "locked": {
        "lastModified": 1621189154,
        "narHash": "sha256-wydCYXsQZyojiUf4CAi15pSysFxZjdRk8x3r668bPFU=",
        "owner": "shaunsingh",
        "repo": "moonlight.nvim",
        "rev": "e24e4218ec680b6396532808abf57ca0ada82e66",
        "type": "github"
      },
      "original": {
        "owner": "shaunsingh",
        "repo": "moonlight.nvim",
        "type": "github"
      }
    },
    "neo-tree": {
      "flake": false,
      "locked": {
        "lastModified": 1686087449,
        "narHash": "sha256-xr6wl0qZ8/9ogQDEJcWVilyooVXrAZmlNPAFI5dUrsI=",
        "owner": "nvim-neo-tree",
        "repo": "neo-tree.nvim",
        "rev": "d883632bf8f92f1d5abea4a9c28fb2f90aa795aa",
        "type": "github"
      },
      "original": {
        "owner": "nvim-neo-tree",
        "repo": "neo-tree.nvim",
        "type": "github"
      }
    },
    "neogit": {
      "flake": false,
      "locked": {
        "lastModified": 1686318130,
        "narHash": "sha256-Wid1gKch3aHO97qklic3feqz+tfcz+WhG400s6CQzhk=",
        "owner": "TimUntersberger",
        "repo": "neogit",
        "rev": "68a3e90e9d1ed9e362317817851d0f34b19e426b",
        "type": "github"
      },
      "original": {
        "owner": "TimUntersberger",
        "repo": "neogit",
        "type": "github"
      }
    },
    "neorg": {
      "flake": false,
      "locked": {
        "lastModified": 1686164224,
        "narHash": "sha256-AzubePJokJnbKg+fwKmk8nPzQgE6yyewHTFsfdPa7nU=",
        "owner": "nvim-neorg",
        "repo": "neorg",
        "rev": "9a55117b6175e63d86346bb893392cdf0b6ad2cc",
        "type": "github"
      },
      "original": {
        "owner": "nvim-neorg",
        "repo": "neorg",
        "type": "github"
      }
    },
    "neovim": {
      "inputs": {
        "cmp-buffer": "cmp-buffer",
        "cmp-cmdline": "cmp-cmdline",
        "cmp-nvim-lsp": "cmp-nvim-lsp",
        "cmp-path": "cmp-path",
        "cmp-snippy": "cmp-snippy",
        "codegpt": "codegpt",
        "comment": "comment",
        "diffview": "diffview",
        "flake-utils": "flake-utils_2",
        "gitsigns": "gitsigns",
        "home-manager": "home-manager_2",
        "indent-blankline": "indent-blankline",
        "lualine": "lualine",
        "moonlight": "moonlight",
        "neo-tree": "neo-tree",
        "neogit": "neogit",
        "neorg": "neorg",
        "nightvim": "nightvim",
        "nixpkgs": [
          "nixpkgs"
        ],
        "nui": "nui",
        "null-ls": "null-ls",
        "nvim-autopairs": "nvim-autopairs",
        "nvim-cmp": "nvim-cmp",
        "nvim-dap": "nvim-dap",
        "nvim-lspconfig": "nvim-lspconfig",
        "nvim-snippy": "nvim-snippy",
        "nvim-surround": "nvim-surround",
        "nvim-treesitter": "nvim-treesitter",
        "nvim-treesitter-endwise": "nvim-treesitter-endwise",
        "nvim-web-devicons": "nvim-web-devicons",
        "plenary": "plenary",
        "rust-tools": "rust-tools",
        "telescope": "telescope",
        "toggleterm": "toggleterm",
        "treesj": "treesj",
        "trouble": "trouble"
      },
      "locked": {
        "lastModified": 1687292036,
        "narHash": "sha256-Dji8lG1Nahb9GAP8ElbQT9Q5FQCmarK6G4Ys/tFBUuw=",
        "owner": "cfcosta",
        "repo": "neovim.nix",
        "rev": "de3a4f024e1667fba79658de68d6e890a2cad93c",
        "type": "github"
      },
      "original": {
        "owner": "cfcosta",
        "repo": "neovim.nix",
        "type": "github"
      }
    },
    "nightvim": {
      "inputs": {
        "flake-utils": [
          "neovim",
          "flake-utils"
        ],
        "home-manager": [
          "neovim",
          "home-manager"
        ],
        "nixpkgs": [
          "neovim",
          "nixpkgs"
        ]
      },
      "locked": {
        "lastModified": 1686148505,
        "narHash": "sha256-ih3ed+GjD8ln+3zW9FrRg/ckJrglLiXHlJtQlLLYGi0=",
        "owner": "cfcosta",
        "repo": "nightvim",
        "rev": "811fa23a1ef87e54023a4f6ccfaca955236d5b07",
        "type": "github"
      },
      "original": {
        "owner": "cfcosta",
        "repo": "nightvim",
        "type": "github"
      }
    },
    "nixpkgs": {
      "locked": {
        "lastModified": 1687518131,
        "narHash": "sha256-KirltRIc4SFfk8bTNudIqgKAALH5oqpW3PefmkfWK5M=",
        "owner": "NixOS",
        "repo": "nixpkgs",
        "rev": "3d8a93602bc54ece7a4e689d9aea1a574e2bbc24",
        "type": "github"
      },
      "original": {
        "owner": "NixOS",
        "ref": "nixpkgs-unstable",
        "repo": "nixpkgs",
        "type": "github"
      }
    },
    "nui": {
      "flake": false,
      "locked": {
        "lastModified": 1687107254,
        "narHash": "sha256-OFfkkFPkBJoVf9W6CL/AD5E4erPKYTMg069E1cI54DE=",
        "owner": "muniftanjim",
        "repo": "nui.nvim",
        "rev": "d146966a423e60699b084eeb28489fe3b6427599",
        "type": "github"
      },
      "original": {
        "owner": "muniftanjim",
        "repo": "nui.nvim",
        "type": "github"
      }
    },
    "null-ls": {
      "flake": false,
      "locked": {
        "lastModified": 1686871437,
        "narHash": "sha256-MxIZqyRW8jStiDNXt7Bsw8peDLKpqxKEaUuIJsXkGMI=",
        "owner": "jose-elias-alvarez",
        "repo": "null-ls.nvim",
        "rev": "bbaf5a96913aa92281f154b08732be2f57021c45",
        "type": "github"
      },
      "original": {
        "owner": "jose-elias-alvarez",
        "repo": "null-ls.nvim",
        "type": "github"
      }
    },
    "nvim-autopairs": {
      "flake": false,
      "locked": {
        "lastModified": 1687083034,
        "narHash": "sha256-x+9+KLkvwKQ+J4qCnBLpfN3VTlz+52oJ9p4VV/dHZ1I=",
        "owner": "windwp",
        "repo": "nvim-autopairs",
        "rev": "e8f7dd7a72de3e7b6626c050a802000e69d53ff0",
        "type": "github"
      },
      "original": {
        "owner": "windwp",
        "repo": "nvim-autopairs",
        "type": "github"
      }
    },
    "nvim-cmp": {
      "flake": false,
      "locked": {
        "lastModified": 1687141974,
        "narHash": "sha256-FLy3KHQrWsza9q6DD2ZSTHwPDZOYjKdzp009R437+ig=",
        "owner": "hrsh7th",
        "repo": "nvim-cmp",
        "rev": "fa492591fecdc41798cd5d3d1713232a5088fba0",
        "type": "github"
      },
      "original": {
        "owner": "hrsh7th",
        "repo": "nvim-cmp",
        "type": "github"
      }
    },
    "nvim-dap": {
      "flake": false,
      "locked": {
        "lastModified": 1686769308,
        "narHash": "sha256-eS0E8GKSPek1LnR9bDvBZ7BtOS4sb1psrGwMJXkyMjw=",
        "owner": "mfussenegger",
        "repo": "nvim-dap",
        "rev": "a6d48d23407fbad7a4c1451803b8f34cab31c441",
        "type": "github"
      },
      "original": {
        "owner": "mfussenegger",
        "repo": "nvim-dap",
        "type": "github"
      }
    },
    "nvim-lspconfig": {
      "flake": false,
      "locked": {
        "lastModified": 1687159940,
        "narHash": "sha256-cF4ZVLpj/nQXG+peNmyILUw8Hds6zUtZR+zjMA4jtd0=",
        "owner": "neovim",
        "repo": "nvim-lspconfig",
        "rev": "444eab07bb7881cad984c68c89fde276f7a26d81",
        "type": "github"
      },
      "original": {
        "owner": "neovim",
        "repo": "nvim-lspconfig",
        "type": "github"
      }
    },
    "nvim-snippy": {
      "flake": false,
      "locked": {
        "lastModified": 1684112762,
        "narHash": "sha256-nVVJADYxRcFH5NOKbONyQh9ImU8pAu/lLy9PPBjK/F0=",
        "owner": "dcampos",
        "repo": "nvim-snippy",
        "rev": "7b50933b44ebefc85bf1734eadc4fcfcbbc781c7",
        "type": "github"
      },
      "original": {
        "owner": "dcampos",
        "repo": "nvim-snippy",
        "type": "github"
      }
    },
    "nvim-surround": {
      "flake": false,
      "locked": {
        "lastModified": 1685464327,
        "narHash": "sha256-r3D5WTqEnIL1T3p7cmkRmBY8qgwFFJptM7BKNNsCT8k=",
        "owner": "kylechui",
        "repo": "nvim-surround",
        "rev": "10b20ca7d9da1ac8df8339e140ffef94f9ab3b18",
        "type": "github"
      },
      "original": {
        "owner": "kylechui",
        "repo": "nvim-surround",
        "type": "github"
      }
    },
    "nvim-treesitter": {
      "flake": false,
      "locked": {
        "lastModified": 1687194587,
        "narHash": "sha256-UNxTGcGsMze4MO44XlDX9ClVVo48relbR396QNLHkqk=",
        "owner": "nvim-treesitter",
        "repo": "nvim-treesitter",
        "rev": "517a79c84890507e0868982f23c7723541a0d0ea",
        "type": "github"
      },
      "original": {
        "owner": "nvim-treesitter",
        "repo": "nvim-treesitter",
        "type": "github"
      }
    },
    "nvim-treesitter-endwise": {
      "flake": false,
      "locked": {
        "lastModified": 1682894397,
        "narHash": "sha256-2JiLAaxnBLdv/eg3zKxsZXEiZQR1ZYKhGEhFu3BUBVo=",
        "owner": "RRethy",
        "repo": "nvim-treesitter-endwise",
        "rev": "944b0d85bb6817948eaaf78893cbb23c25641d8f",
        "type": "github"
      },
      "original": {
        "owner": "RRethy",
        "repo": "nvim-treesitter-endwise",
        "type": "github"
      }
    },
    "nvim-web-devicons": {
      "flake": false,
      "locked": {
        "lastModified": 1687049136,
        "narHash": "sha256-WY5MJbZQ85J+Dec9tu82ac+od3g+O2nSefAPVf4nxUI=",
        "owner": "nvim-tree",
        "repo": "nvim-web-devicons",
        "rev": "14b3a5ba63b82b60cde98d0a40319d80f25e8301",
        "type": "github"
      },
      "original": {
        "owner": "nvim-tree",
        "repo": "nvim-web-devicons",
        "type": "github"
      }
    },
    "plenary": {
      "flake": false,
      "locked": {
        "lastModified": 1686422044,
        "narHash": "sha256-q7cWcedN/BViNWpIFRdnvQrs60vQICmboqi9y+cRH2Q=",
        "owner": "nvim-lua",
        "repo": "plenary.nvim",
        "rev": "36aaceb6e93addd20b1b18f94d86aecc552f30c4",
        "type": "github"
      },
      "original": {
        "owner": "nvim-lua",
        "repo": "plenary.nvim",
        "type": "github"
      }
    },
    "root": {
      "inputs": {
        "flake-utils": "flake-utils",
        "home-manager": "home-manager",
        "neovim": "neovim",
        "nixpkgs": "nixpkgs"
      }
    },
    "rust-tools": {
      "flake": false,
      "locked": {
        "lastModified": 1676929960,
        "narHash": "sha256-Cuk/vdoviB9ibt2rrkNRmNFy4S+6czhbExmIjTJRdZM=",
        "owner": "simrat39",
        "repo": "rust-tools.nvim",
        "rev": "71d2cf67b5ed120a0e31b2c8adb210dd2834242f",
        "type": "github"
      },
      "original": {
        "owner": "simrat39",
        "repo": "rust-tools.nvim",
        "type": "github"
      }
    },
    "systems": {
      "locked": {
        "lastModified": 1681028828,
        "narHash": "sha256-Vy1rq5AaRuLzOxct8nz4T6wlgyUR7zLU309k9mBC768=",
        "owner": "nix-systems",
        "repo": "default",
        "rev": "da67096a3b9bf56a91d16901293e51ba5b49a27e",
        "type": "github"
      },
      "original": {
        "owner": "nix-systems",
        "repo": "default",
        "type": "github"
      }
    },
    "systems_2": {
      "locked": {
        "lastModified": 1681028828,
        "narHash": "sha256-Vy1rq5AaRuLzOxct8nz4T6wlgyUR7zLU309k9mBC768=",
        "owner": "nix-systems",
        "repo": "default",
        "rev": "da67096a3b9bf56a91d16901293e51ba5b49a27e",
        "type": "github"
      },
      "original": {
        "owner": "nix-systems",
        "repo": "default",
        "type": "github"
      }
    },
    "telescope": {
      "flake": false,
      "locked": {
        "lastModified": 1686622153,
        "narHash": "sha256-I5LUk572HuMqj/YitKlwkydI471jw2rH6XDbY/RjzX0=",
        "owner": "nvim-telescope",
        "repo": "telescope.nvim",
        "rev": "00cf15074a2997487813672a75f946d2ead95eb0",
        "type": "github"
      },
      "original": {
        "owner": "nvim-telescope",
        "repo": "telescope.nvim",
        "type": "github"
      }
    },
    "toggleterm": {
      "flake": false,
      "locked": {
        "lastModified": 1685434137,
        "narHash": "sha256-Qjhod1cmzAYuMl6Z0JlYtOq8CLdmQJ9esCwmynuzkYs=",
        "owner": "akinsho",
        "repo": "toggleterm.nvim",
        "rev": "cf146a267a6a7db62b1e2aff40414b20081048a1",
        "type": "github"
      },
      "original": {
        "owner": "akinsho",
        "repo": "toggleterm.nvim",
        "type": "github"
      }
    },
    "treesj": {
      "flake": false,
      "locked": {
        "lastModified": 1683702824,
        "narHash": "sha256-nkTi13BcM23GD8FakuUSOZZF5uOj3kVg3KIJkuml0VI=",
        "owner": "Wansmer",
        "repo": "treesj",
        "rev": "b1e2976c2d7ba922371cc7f3ab08b75136c27231",
        "type": "github"
      },
      "original": {
        "owner": "Wansmer",
        "repo": "treesj",
        "type": "github"
      }
    },
    "trouble": {
      "flake": false,
      "locked": {
        "lastModified": 1686232808,
        "narHash": "sha256-0aYCAP0714za8CoXPqwWOX8RKn/OdIHxsVWyo2X00fM=",
        "owner": "folke",
        "repo": "trouble.nvim",
        "rev": "2af0dd9767526410c88c628f1cbfcb6cf22dd683",
        "type": "github"
      },
      "original": {
        "owner": "folke",
        "repo": "trouble.nvim",
        "type": "github"
      }
    }
  },
  "root": "root",
  "version": 7
}
